// !$*UTF8*$!
{
	archiveVersion = 1;
	classes = {
	};
	objectVersion = 50;
	objects = {

/* Begin PBXBuildFile section */
		D07574ED269DA3E60083980B /* AppDelegate.swift in Sources */ = {isa = PBXBuildFile; fileRef = D07574EC269DA3E60083980B /* AppDelegate.swift */; };
		D07574EF269DA3E60083980B /* SceneDelegate.swift in Sources */ = {isa = PBXBuildFile; fileRef = D07574EE269DA3E60083980B /* SceneDelegate.swift */; };
		D07574F1269DA3E60083980B /* ViewController.swift in Sources */ = {isa = PBXBuildFile; fileRef = D07574F0269DA3E60083980B /* ViewController.swift */; };
		D07574F4269DA3E60083980B /* Main.storyboard in Resources */ = {isa = PBXBuildFile; fileRef = D07574F2269DA3E60083980B /* Main.storyboard */; };
		D07574F6269DA3E70083980B /* Assets.xcassets in Resources */ = {isa = PBXBuildFile; fileRef = D07574F5269DA3E70083980B /* Assets.xcassets */; };
		D07574F9269DA3E70083980B /* LaunchScreen.storyboard in Resources */ = {isa = PBXBuildFile; fileRef = D07574F7269DA3E70083980B /* LaunchScreen.storyboard */; };
		D0757501269DAB490083980B /* MainHeaderView.swift in Sources */ = {isa = PBXBuildFile; fileRef = D0757500269DAB490083980B /* MainHeaderView.swift */; };
		D0757503269DB1A50083980B /* jeju.jpg in Resources */ = {isa = PBXBuildFile; fileRef = D0757502269DB1A50083980B /* jeju.jpg */; };
		D0757505269DC1F20083980B /* MainCollectionViewFlowLayout.swift in Sources */ = {isa = PBXBuildFile; fileRef = D0757504269DC1F20083980B /* MainCollectionViewFlowLayout.swift */; };
		D0757507269DD33F0083980B /* NearbyDestinationCell.swift in Sources */ = {isa = PBXBuildFile; fileRef = D0757506269DD33F0083980B /* NearbyDestinationCell.swift */; };
		D0757509269DD8A70083980B /* MainCollectionViewCell.swift in Sources */ = {isa = PBXBuildFile; fileRef = D0757508269DD8A70083980B /* MainCollectionViewCell.swift */; };
		D075750B269DD8B90083980B /* TravelStyleCell.swift in Sources */ = {isa = PBXBuildFile; fileRef = D075750A269DD8B90083980B /* TravelStyleCell.swift */; };
		D075750E269DDC4A0083980B /* wanju.jpg in Resources */ = {isa = PBXBuildFile; fileRef = D075750D269DDC4A0083980B /* wanju.jpg */; };
		D0757510269DDCA10083980B /* NearbyDestinationDelegate.swift in Sources */ = {isa = PBXBuildFile; fileRef = D075750F269DDCA10083980B /* NearbyDestinationDelegate.swift */; };
		D0757513269DEA7A0083980B /* TravelStyleDelegate.swift in Sources */ = {isa = PBXBuildFile; fileRef = D0757512269DEA7A0083980B /* TravelStyleDelegate.swift */; };
		D0757515269E0E590083980B /* ResultViewController.swift in Sources */ = {isa = PBXBuildFile; fileRef = D0757514269E0E590083980B /* ResultViewController.swift */; };
		D0757517269E12850083980B /* MainCoordinator.swift in Sources */ = {isa = PBXBuildFile; fileRef = D0757516269E12850083980B /* MainCoordinator.swift */; };
		D075751A269E13720083980B /* ResultCollectionViewCell.swift in Sources */ = {isa = PBXBuildFile; fileRef = D0757518269E13720083980B /* ResultCollectionViewCell.swift */; };
		D075751B269E13720083980B /* ResultCollectionViewCell.xib in Resources */ = {isa = PBXBuildFile; fileRef = D0757519269E13720083980B /* ResultCollectionViewCell.xib */; };
		D075751D269E21F30083980B /* DetailViewController.swift in Sources */ = {isa = PBXBuildFile; fileRef = D075751C269E21F30083980B /* DetailViewController.swift */; };
		D0757521269EB0B80083980B /* ImageCell.swift in Sources */ = {isa = PBXBuildFile; fileRef = D0757520269EB0B80083980B /* ImageCell.swift */; };
/* End PBXBuildFile section */

/* Begin PBXFileReference section */
		D07574E9269DA3E60083980B /* Airbnb.app */ = {isa = PBXFileReference; explicitFileType = wrapper.application; includeInIndex = 0; path = Airbnb.app; sourceTree = BUILT_PRODUCTS_DIR; };
		D07574EC269DA3E60083980B /* AppDelegate.swift */ = {isa = PBXFileReference; lastKnownFileType = sourcecode.swift; path = AppDelegate.swift; sourceTree = "<group>"; };
		D07574EE269DA3E60083980B /* SceneDelegate.swift */ = {isa = PBXFileReference; lastKnownFileType = sourcecode.swift; path = SceneDelegate.swift; sourceTree = "<group>"; };
		D07574F0269DA3E60083980B /* ViewController.swift */ = {isa = PBXFileReference; lastKnownFileType = sourcecode.swift; path = ViewController.swift; sourceTree = "<group>"; };
		D07574F3269DA3E60083980B /* Base */ = {isa = PBXFileReference; lastKnownFileType = file.storyboard; name = Base; path = Base.lproj/Main.storyboard; sourceTree = "<group>"; };
		D07574F5269DA3E70083980B /* Assets.xcassets */ = {isa = PBXFileReference; lastKnownFileType = folder.assetcatalog; path = Assets.xcassets; sourceTree = "<group>"; };
		D07574F8269DA3E70083980B /* Base */ = {isa = PBXFileReference; lastKnownFileType = file.storyboard; name = Base; path = Base.lproj/LaunchScreen.storyboard; sourceTree = "<group>"; };
		D07574FA269DA3E70083980B /* Info.plist */ = {isa = PBXFileReference; lastKnownFileType = text.plist.xml; path = Info.plist; sourceTree = "<group>"; };
		D0757500269DAB490083980B /* MainHeaderView.swift */ = {isa = PBXFileReference; lastKnownFileType = sourcecode.swift; path = MainHeaderView.swift; sourceTree = "<group>"; };
		D0757502269DB1A50083980B /* jeju.jpg */ = {isa = PBXFileReference; lastKnownFileType = image.jpeg; path = jeju.jpg; sourceTree = "<group>"; };
		D0757504269DC1F20083980B /* MainCollectionViewFlowLayout.swift */ = {isa = PBXFileReference; lastKnownFileType = sourcecode.swift; path = MainCollectionViewFlowLayout.swift; sourceTree = "<group>"; };
		D0757506269DD33F0083980B /* NearbyDestinationCell.swift */ = {isa = PBXFileReference; lastKnownFileType = sourcecode.swift; path = NearbyDestinationCell.swift; sourceTree = "<group>"; };
		D0757508269DD8A70083980B /* MainCollectionViewCell.swift */ = {isa = PBXFileReference; lastKnownFileType = sourcecode.swift; path = MainCollectionViewCell.swift; sourceTree = "<group>"; };
		D075750A269DD8B90083980B /* TravelStyleCell.swift */ = {isa = PBXFileReference; lastKnownFileType = sourcecode.swift; path = TravelStyleCell.swift; sourceTree = "<group>"; };
		D075750D269DDC4A0083980B /* wanju.jpg */ = {isa = PBXFileReference; lastKnownFileType = image.jpeg; path = wanju.jpg; sourceTree = "<group>"; };
		D075750F269DDCA10083980B /* NearbyDestinationDelegate.swift */ = {isa = PBXFileReference; lastKnownFileType = sourcecode.swift; path = NearbyDestinationDelegate.swift; sourceTree = "<group>"; };
		D0757512269DEA7A0083980B /* TravelStyleDelegate.swift */ = {isa = PBXFileReference; lastKnownFileType = sourcecode.swift; path = TravelStyleDelegate.swift; sourceTree = "<group>"; };
		D0757514269E0E590083980B /* ResultViewController.swift */ = {isa = PBXFileReference; lastKnownFileType = sourcecode.swift; path = ResultViewController.swift; sourceTree = "<group>"; };
		D0757516269E12850083980B /* MainCoordinator.swift */ = {isa = PBXFileReference; lastKnownFileType = sourcecode.swift; path = MainCoordinator.swift; sourceTree = "<group>"; };
		D0757518269E13720083980B /* ResultCollectionViewCell.swift */ = {isa = PBXFileReference; lastKnownFileType = sourcecode.swift; path = ResultCollectionViewCell.swift; sourceTree = "<group>"; };
		D0757519269E13720083980B /* ResultCollectionViewCell.xib */ = {isa = PBXFileReference; lastKnownFileType = file.xib; path = ResultCollectionViewCell.xib; sourceTree = "<group>"; };
		D075751C269E21F30083980B /* DetailViewController.swift */ = {isa = PBXFileReference; lastKnownFileType = sourcecode.swift; path = DetailViewController.swift; sourceTree = "<group>"; };
		D0757520269EB0B80083980B /* ImageCell.swift */ = {isa = PBXFileReference; lastKnownFileType = sourcecode.swift; path = ImageCell.swift; sourceTree = "<group>"; };
/* End PBXFileReference section */

/* Begin PBXFrameworksBuildPhase section */
		D07574E6269DA3E60083980B /* Frameworks */ = {
			isa = PBXFrameworksBuildPhase;
			buildActionMask = 2147483647;
			files = (
			);
			runOnlyForDeploymentPostprocessing = 0;
		};
/* End PBXFrameworksBuildPhase section */

/* Begin PBXGroup section */
		D07574E0269DA3E60083980B = {
			isa = PBXGroup;
			children = (
				D07574EB269DA3E60083980B /* Airbnb */,
				D07574EA269DA3E60083980B /* Products */,
			);
			sourceTree = "<group>";
		};
		D07574EA269DA3E60083980B /* Products */ = {
			isa = PBXGroup;
			children = (
				D07574E9269DA3E60083980B /* Airbnb.app */,
			);
			name = Products;
			sourceTree = "<group>";
		};
		D07574EB269DA3E60083980B /* Airbnb */ = {
			isa = PBXGroup;
			children = (
				D07574EC269DA3E60083980B /* AppDelegate.swift */,
				D07574EE269DA3E60083980B /* SceneDelegate.swift */,
				D07574F0269DA3E60083980B /* ViewController.swift */,
				D0757514269E0E590083980B /* ResultViewController.swift */,
				D075751C269E21F30083980B /* DetailViewController.swift */,
				D0757518269E13720083980B /* ResultCollectionViewCell.swift */,
				D0757519269E13720083980B /* ResultCollectionViewCell.xib */,
				D0757511269DDE650083980B /* Delegates */,
				D075750C269DD8CB0083980B /* Cells */,
				D0757500269DAB490083980B /* MainHeaderView.swift */,
				D0757504269DC1F20083980B /* MainCollectionViewFlowLayout.swift */,
				D07574F2269DA3E60083980B /* Main.storyboard */,
				D0757520269EB0B80083980B /* ImageCell.swift */,
				D07574F5269DA3E70083980B /* Assets.xcassets */,
				D0757502269DB1A50083980B /* jeju.jpg */,
				D075750D269DDC4A0083980B /* wanju.jpg */,
				D07574F7269DA3E70083980B /* LaunchScreen.storyboard */,
				D07574FA269DA3E70083980B /* Info.plist */,
			);
			path = Airbnb;
			sourceTree = "<group>";
		};
		D075750C269DD8CB0083980B /* Cells */ = {
			isa = PBXGroup;
			children = (
				D0757506269DD33F0083980B /* NearbyDestinationCell.swift */,
				D075750A269DD8B90083980B /* TravelStyleCell.swift */,
				D0757508269DD8A70083980B /* MainCollectionViewCell.swift */,
			);
			path = Cells;
			sourceTree = "<group>";
		};
		D0757511269DDE650083980B /* Delegates */ = {
			isa = PBXGroup;
			children = (
				D075750F269DDCA10083980B /* NearbyDestinationDelegate.swift */,
				D0757516269E12850083980B /* MainCoordinator.swift */,
				D0757512269DEA7A0083980B /* TravelStyleDelegate.swift */,
			);
			path = Delegates;
			sourceTree = "<group>";
		};
/* End PBXGroup section */

/* Begin PBXNativeTarget section */
		D07574E8269DA3E60083980B /* Airbnb */ = {
			isa = PBXNativeTarget;
			buildConfigurationList = D07574FD269DA3E70083980B /* Build configuration list for PBXNativeTarget "Airbnb" */;
			buildPhases = (
				D07574E5269DA3E60083980B /* Sources */,
				D07574E6269DA3E60083980B /* Frameworks */,
				D07574E7269DA3E60083980B /* Resources */,
			);
			buildRules = (
			);
			dependencies = (
			);
			name = Airbnb;
			productName = Airbnb;
			productReference = D07574E9269DA3E60083980B /* Airbnb.app */;
			productType = "com.apple.product-type.application";
		};
/* End PBXNativeTarget section */

/* Begin PBXProject section */
		D07574E1269DA3E60083980B /* Project object */ = {
			isa = PBXProject;
			attributes = {
				LastSwiftUpdateCheck = 1250;
				LastUpgradeCheck = 1250;
				TargetAttributes = {
					D07574E8269DA3E60083980B = {
						CreatedOnToolsVersion = 12.5;
					};
				};
			};
			buildConfigurationList = D07574E4269DA3E60083980B /* Build configuration list for PBXProject "Airbnb" */;
			compatibilityVersion = "Xcode 9.3";
			developmentRegion = en;
			hasScannedForEncodings = 0;
			knownRegions = (
				en,
				Base,
			);
			mainGroup = D07574E0269DA3E60083980B;
			productRefGroup = D07574EA269DA3E60083980B /* Products */;
			projectDirPath = "";
			projectRoot = "";
			targets = (
				D07574E8269DA3E60083980B /* Airbnb */,
			);
		};
/* End PBXProject section */

/* Begin PBXResourcesBuildPhase section */
		D07574E7269DA3E60083980B /* Resources */ = {
			isa = PBXResourcesBuildPhase;
			buildActionMask = 2147483647;
			files = (
				D07574F9269DA3E70083980B /* LaunchScreen.storyboard in Resources */,
				D075751B269E13720083980B /* ResultCollectionViewCell.xib in Resources */,
				D0757503269DB1A50083980B /* jeju.jpg in Resources */,
				D07574F6269DA3E70083980B /* Assets.xcassets in Resources */,
				D075750E269DDC4A0083980B /* wanju.jpg in Resources */,
				D07574F4269DA3E60083980B /* Main.storyboard in Resources */,
			);
			runOnlyForDeploymentPostprocessing = 0;
		};
/* End PBXResourcesBuildPhase section */

/* Begin PBXSourcesBuildPhase section */
		D07574E5269DA3E60083980B /* Sources */ = {
			isa = PBXSourcesBuildPhase;
			buildActionMask = 2147483647;
			files = (
				D0757509269DD8A70083980B /* MainCollectionViewCell.swift in Sources */,
				D0757517269E12850083980B /* MainCoordinator.swift in Sources */,
				D0757501269DAB490083980B /* MainHeaderView.swift in Sources */,
				D0757513269DEA7A0083980B /* TravelStyleDelegate.swift in Sources */,
				D0757510269DDCA10083980B /* NearbyDestinationDelegate.swift in Sources */,
				D07574F1269DA3E60083980B /* ViewController.swift in Sources */,
				D0757505269DC1F20083980B /* MainCollectionViewFlowLayout.swift in Sources */,
				D0757507269DD33F0083980B /* NearbyDestinationCell.swift in Sources */,
				D0757521269EB0B80083980B /* ImageCell.swift in Sources */,
				D07574ED269DA3E60083980B /* AppDelegate.swift in Sources */,
				D07574EF269DA3E60083980B /* SceneDelegate.swift in Sources */,
				D075750B269DD8B90083980B /* TravelStyleCell.swift in Sources */,
				D075751A269E13720083980B /* ResultCollectionViewCell.swift in Sources */,
				D0757515269E0E590083980B /* ResultViewController.swift in Sources */,
				D075751D269E21F30083980B /* DetailViewController.swift in Sources */,
			);
			runOnlyForDeploymentPostprocessing = 0;
		};
/* End PBXSourcesBuildPhase section */

/* Begin PBXVariantGroup section */
		D07574F2269DA3E60083980B /* Main.storyboard */ = {
			isa = PBXVariantGroup;
			children = (
				D07574F3269DA3E60083980B /* Base */,
			);
			name = Main.storyboard;
			sourceTree = "<group>";
		};
		D07574F7269DA3E70083980B /* LaunchScreen.storyboard */ = {
			isa = PBXVariantGroup;
			children = (
				D07574F8269DA3E70083980B /* Base */,
			);
			name = LaunchScreen.storyboard;
			sourceTree = "<group>";
		};
/* End PBXVariantGroup section */

/* Begin XCBuildConfiguration section */
		D07574FB269DA3E70083980B /* Debug */ = {
			isa = XCBuildConfiguration;
			buildSettings = {
				ALWAYS_SEARCH_USER_PATHS = NO;
				CLANG_ANALYZER_NONNULL = YES;
				CLANG_ANALYZER_NUMBER_OBJECT_CONVERSION = YES_AGGRESSIVE;
				CLANG_CXX_LANGUAGE_STANDARD = "gnu++14";
				CLANG_CXX_LIBRARY = "libc++";
				CLANG_ENABLE_MODULES = YES;
				CLANG_ENABLE_OBJC_ARC = YES;
				CLANG_ENABLE_OBJC_WEAK = YES;
				CLANG_WARN_BLOCK_CAPTURE_AUTORELEASING = YES;
				CLANG_WARN_BOOL_CONVERSION = YES;
				CLANG_WARN_COMMA = YES;
				CLANG_WARN_CONSTANT_CONVERSION = YES;
				CLANG_WARN_DEPRECATED_OBJC_IMPLEMENTATIONS = YES;
				CLANG_WARN_DIRECT_OBJC_ISA_USAGE = YES_ERROR;
				CLANG_WARN_DOCUMENTATION_COMMENTS = YES;
				CLANG_WARN_EMPTY_BODY = YES;
				CLANG_WARN_ENUM_CONVERSION = YES;
				CLANG_WARN_INFINITE_RECURSION = YES;
				CLANG_WARN_INT_CONVERSION = YES;
				CLANG_WARN_NON_LITERAL_NULL_CONVERSION = YES;
				CLANG_WARN_OBJC_IMPLICIT_RETAIN_SELF = YES;
				CLANG_WARN_OBJC_LITERAL_CONVERSION = YES;
				CLANG_WARN_OBJC_ROOT_CLASS = YES_ERROR;
				CLANG_WARN_QUOTED_INCLUDE_IN_FRAMEWORK_HEADER = YES;
				CLANG_WARN_RANGE_LOOP_ANALYSIS = YES;
				CLANG_WARN_STRICT_PROTOTYPES = YES;
				CLANG_WARN_SUSPICIOUS_MOVE = YES;
				CLANG_WARN_UNGUARDED_AVAILABILITY = YES_AGGRESSIVE;
				CLANG_WARN_UNREACHABLE_CODE = YES;
				CLANG_WARN__DUPLICATE_METHOD_MATCH = YES;
				COPY_PHASE_STRIP = NO;
				DEBUG_INFORMATION_FORMAT = dwarf;
				ENABLE_STRICT_OBJC_MSGSEND = YES;
				ENABLE_TESTABILITY = YES;
				GCC_C_LANGUAGE_STANDARD = gnu11;
				GCC_DYNAMIC_NO_PIC = NO;
				GCC_NO_COMMON_BLOCKS = YES;
				GCC_OPTIMIZATION_LEVEL = 0;
				GCC_PREPROCESSOR_DEFINITIONS = (
					"DEBUG=1",
					"$(inherited)",
				);
				GCC_WARN_64_TO_32_BIT_CONVERSION = YES;
				GCC_WARN_ABOUT_RETURN_TYPE = YES_ERROR;
				GCC_WARN_UNDECLARED_SELECTOR = YES;
				GCC_WARN_UNINITIALIZED_AUTOS = YES_AGGRESSIVE;
				GCC_WARN_UNUSED_FUNCTION = YES;
				GCC_WARN_UNUSED_VARIABLE = YES;
				IPHONEOS_DEPLOYMENT_TARGET = 14.5;
				MTL_ENABLE_DEBUG_INFO = INCLUDE_SOURCE;
				MTL_FAST_MATH = YES;
				ONLY_ACTIVE_ARCH = YES;
				SDKROOT = iphoneos;
				SWIFT_ACTIVE_COMPILATION_CONDITIONS = DEBUG;
				SWIFT_OPTIMIZATION_LEVEL = "-Onone";
			};
			name = Debug;
		};
		D07574FC269DA3E70083980B /* Release */ = {
			isa = XCBuildConfiguration;
			buildSettings = {
				ALWAYS_SEARCH_USER_PATHS = NO;
				CLANG_ANALYZER_NONNULL = YES;
				CLANG_ANALYZER_NUMBER_OBJECT_CONVERSION = YES_AGGRESSIVE;
				CLANG_CXX_LANGUAGE_STANDARD = "gnu++14";
				CLANG_CXX_LIBRARY = "libc++";
				CLANG_ENABLE_MODULES = YES;
				CLANG_ENABLE_OBJC_ARC = YES;
				CLANG_ENABLE_OBJC_WEAK = YES;
				CLANG_WARN_BLOCK_CAPTURE_AUTORELEASING = YES;
				CLANG_WARN_BOOL_CONVERSION = YES;
				CLANG_WARN_COMMA = YES;
				CLANG_WARN_CONSTANT_CONVERSION = YES;
				CLANG_WARN_DEPRECATED_OBJC_IMPLEMENTATIONS = YES;
				CLANG_WARN_DIRECT_OBJC_ISA_USAGE = YES_ERROR;
				CLANG_WARN_DOCUMENTATION_COMMENTS = YES;
				CLANG_WARN_EMPTY_BODY = YES;
				CLANG_WARN_ENUM_CONVERSION = YES;
				CLANG_WARN_INFINITE_RECURSION = YES;
				CLANG_WARN_INT_CONVERSION = YES;
				CLANG_WARN_NON_LITERAL_NULL_CONVERSION = YES;
				CLANG_WARN_OBJC_IMPLICIT_RETAIN_SELF = YES;
				CLANG_WARN_OBJC_LITERAL_CONVERSION = YES;
				CLANG_WARN_OBJC_ROOT_CLASS = YES_ERROR;
				CLANG_WARN_QUOTED_INCLUDE_IN_FRAMEWORK_HEADER = YES;
				CLANG_WARN_RANGE_LOOP_ANALYSIS = YES;
				CLANG_WARN_STRICT_PROTOTYPES = YES;
				CLANG_WARN_SUSPICIOUS_MOVE = YES;
				CLANG_WARN_UNGUARDED_AVAILABILITY = YES_AGGRESSIVE;
				CLANG_WARN_UNREACHABLE_CODE = YES;
				CLANG_WARN__DUPLICATE_METHOD_MATCH = YES;
				COPY_PHASE_STRIP = NO;
				DEBUG_INFORMATION_FORMAT = "dwarf-with-dsym";
				ENABLE_NS_ASSERTIONS = NO;
				ENABLE_STRICT_OBJC_MSGSEND = YES;
				GCC_C_LANGUAGE_STANDARD = gnu11;
				GCC_NO_COMMON_BLOCKS = YES;
				GCC_WARN_64_TO_32_BIT_CONVERSION = YES;
				GCC_WARN_ABOUT_RETURN_TYPE = YES_ERROR;
				GCC_WARN_UNDECLARED_SELECTOR = YES;
				GCC_WARN_UNINITIALIZED_AUTOS = YES_AGGRESSIVE;
				GCC_WARN_UNUSED_FUNCTION = YES;
				GCC_WARN_UNUSED_VARIABLE = YES;
				IPHONEOS_DEPLOYMENT_TARGET = 14.5;
				MTL_ENABLE_DEBUG_INFO = NO;
				MTL_FAST_MATH = YES;
				SDKROOT = iphoneos;
				SWIFT_COMPILATION_MODE = wholemodule;
				SWIFT_OPTIMIZATION_LEVEL = "-O";
				VALIDATE_PRODUCT = YES;
			};
			name = Release;
		};
		D07574FE269DA3E70083980B /* Debug */ = {
			isa = XCBuildConfiguration;
			buildSettings = {
				ASSETCATALOG_COMPILER_APPICON_NAME = AppIcon;
				ASSETCATALOG_COMPILER_GLOBAL_ACCENT_COLOR_NAME = AccentColor;
				CODE_SIGN_STYLE = Automatic;
				INFOPLIST_FILE = Airbnb/Info.plist;
				LD_RUNPATH_SEARCH_PATHS = (
					"$(inherited)",
					"@executable_path/Frameworks",
				);
				PRODUCT_BUNDLE_IDENTIFIER = com.lenaios.Airbnb;
				PRODUCT_NAME = "$(TARGET_NAME)";
				SWIFT_VERSION = 5.0;
				TARGETED_DEVICE_FAMILY = "1,2";
			};
			name = Debug;
		};
		D07574FF269DA3E70083980B /* Release */ = {
			isa = XCBuildConfiguration;
			buildSettings = {
				ASSETCATALOG_COMPILER_APPICON_NAME = AppIcon;
				ASSETCATALOG_COMPILER_GLOBAL_ACCENT_COLOR_NAME = AccentColor;
				CODE_SIGN_STYLE = Automatic;
				INFOPLIST_FILE = Airbnb/Info.plist;
				LD_RUNPATH_SEARCH_PATHS = (
					"$(inherited)",
					"@executable_path/Frameworks",
				);
				PRODUCT_BUNDLE_IDENTIFIER = com.lenaios.Airbnb;
				PRODUCT_NAME = "$(TARGET_NAME)";
				SWIFT_VERSION = 5.0;
				TARGETED_DEVICE_FAMILY = "1,2";
			};
			name = Release;
		};
/* End XCBuildConfiguration section */

/* Begin XCConfigurationList section */
		D07574E4269DA3E60083980B /* Build configuration list for PBXProject "Airbnb" */ = {
			isa = XCConfigurationList;
			buildConfigurations = (
				D07574FB269DA3E70083980B /* Debug */,
				D07574FC269DA3E70083980B /* Release */,
			);
			defaultConfigurationIsVisible = 0;
			defaultConfigurationName = Release;
		};
		D07574FD269DA3E70083980B /* Build configuration list for PBXNativeTarget "Airbnb" */ = {
			isa = XCConfigurationList;
			buildConfigurations = (
				D07574FE269DA3E70083980B /* Debug */,
				D07574FF269DA3E70083980B /* Release */,
			);
			defaultConfigurationIsVisible = 0;
			defaultConfigurationName = Release;
		};
/* End XCConfigurationList section */
	};
	rootObject = D07574E1269DA3E60083980B /* Project object */;
}
