// !$*UTF8*$!
{
	archiveVersion = 1;
	classes = {
	};
	objectVersion = 50;
	objects = {

/* Begin PBXBuildFile section */
		D03DDBDD26AC33EE0096F756 /* CalendarViewModel.swift in Sources */ = {isa = PBXBuildFile; fileRef = D03DDBDC26AC33EE0096F756 /* CalendarViewModel.swift */; };
		D03DDBE026ADB83E0096F756 /* SearchViewController.swift in Sources */ = {isa = PBXBuildFile; fileRef = D03DDBDF26ADB83E0096F756 /* SearchViewController.swift */; };
		D03DDBE226ADBF0D0096F756 /* SearchResultsTableViewController.swift in Sources */ = {isa = PBXBuildFile; fileRef = D03DDBE126ADBF0D0096F756 /* SearchResultsTableViewController.swift */; };
		D03DDBE426ADD3F20096F756 /* ReserveViewController.swift in Sources */ = {isa = PBXBuildFile; fileRef = D03DDBE326ADD3F20096F756 /* ReserveViewController.swift */; };
		D03DDBE626ADD7F00096F756 /* ReservationView.xib in Resources */ = {isa = PBXBuildFile; fileRef = D03DDBE526ADD7F00096F756 /* ReservationView.xib */; };
		D03DDBE826ADD8070096F756 /* ReservationView.swift in Sources */ = {isa = PBXBuildFile; fileRef = D03DDBE726ADD8070096F756 /* ReservationView.swift */; };
		D03DDBF326AEA7660096F756 /* Accomodation.swift in Sources */ = {isa = PBXBuildFile; fileRef = D03DDBF226AEA7650096F756 /* Accomodation.swift */; };
		D03DDBF526AEA8690096F756 /* bnb.json in Resources */ = {isa = PBXBuildFile; fileRef = D03DDBF426AEA8690096F756 /* bnb.json */; };
		D03DDC0C26AFA9D40096F756 /* RepositoryService.swift in Sources */ = {isa = PBXBuildFile; fileRef = D03DDC0B26AFA9D40096F756 /* RepositoryService.swift */; };
		D03DDC1026AFD28B0096F756 /* Box.swift in Sources */ = {isa = PBXBuildFile; fileRef = D03DDC0F26AFD28B0096F756 /* Box.swift */; };
		D03DDC1426AFDC7B0096F756 /* NetworkManager.swift in Sources */ = {isa = PBXBuildFile; fileRef = D03DDC1326AFDC7B0096F756 /* NetworkManager.swift */; };
		D042C01026C8235B004868ED /* MainCollectionViewHeader.swift in Sources */ = {isa = PBXBuildFile; fileRef = D042C00F26C8235B004868ED /* MainCollectionViewHeader.swift */; };
		D042C01326C82DC7004868ED /* NearbyDestinationCell.swift in Sources */ = {isa = PBXBuildFile; fileRef = D042C01126C82DC7004868ED /* NearbyDestinationCell.swift */; };
		D042C01426C82DC7004868ED /* NearbyDestinationCell.xib in Resources */ = {isa = PBXBuildFile; fileRef = D042C01226C82DC7004868ED /* NearbyDestinationCell.xib */; };
		D042C01626C9137A004868ED /* MainViewModel.swift in Sources */ = {isa = PBXBuildFile; fileRef = D042C01526C9137A004868ED /* MainViewModel.swift */; };
		D042C01826C95339004868ED /* City.swift in Sources */ = {isa = PBXBuildFile; fileRef = D042C01726C95339004868ED /* City.swift */; };
		D05070F726AA63C900B8F054 /* CalendarHeaderView.swift in Sources */ = {isa = PBXBuildFile; fileRef = D05070F626AA63C900B8F054 /* CalendarHeaderView.swift */; };
		D05070FB26AA6E3400B8F054 /* BottomNavigationBar.swift in Sources */ = {isa = PBXBuildFile; fileRef = D05070FA26AA6E3400B8F054 /* BottomNavigationBar.swift */; };
		D07574ED269DA3E60083980B /* AppDelegate.swift in Sources */ = {isa = PBXBuildFile; fileRef = D07574EC269DA3E60083980B /* AppDelegate.swift */; };
		D07574EF269DA3E60083980B /* SceneDelegate.swift in Sources */ = {isa = PBXBuildFile; fileRef = D07574EE269DA3E60083980B /* SceneDelegate.swift */; };
		D07574F1269DA3E60083980B /* MainViewController.swift in Sources */ = {isa = PBXBuildFile; fileRef = D07574F0269DA3E60083980B /* MainViewController.swift */; };
		D07574F4269DA3E60083980B /* Main.storyboard in Resources */ = {isa = PBXBuildFile; fileRef = D07574F2269DA3E60083980B /* Main.storyboard */; };
		D07574F6269DA3E70083980B /* Assets.xcassets in Resources */ = {isa = PBXBuildFile; fileRef = D07574F5269DA3E70083980B /* Assets.xcassets */; };
		D07574F9269DA3E70083980B /* LaunchScreen.storyboard in Resources */ = {isa = PBXBuildFile; fileRef = D07574F7269DA3E70083980B /* LaunchScreen.storyboard */; };
		D0757505269DC1F20083980B /* MainCollectionViewFlowLayout.swift in Sources */ = {isa = PBXBuildFile; fileRef = D0757504269DC1F20083980B /* MainCollectionViewFlowLayout.swift */; };
		D075750B269DD8B90083980B /* TravelStyleCell.swift in Sources */ = {isa = PBXBuildFile; fileRef = D075750A269DD8B90083980B /* TravelStyleCell.swift */; };
		D0757515269E0E590083980B /* AccomodationListViewController.swift in Sources */ = {isa = PBXBuildFile; fileRef = D0757514269E0E590083980B /* AccomodationListViewController.swift */; };
		D0757517269E12850083980B /* MainCoordinator.swift in Sources */ = {isa = PBXBuildFile; fileRef = D0757516269E12850083980B /* MainCoordinator.swift */; };
		D075751A269E13720083980B /* AccomodationCollectionViewCell.swift in Sources */ = {isa = PBXBuildFile; fileRef = D0757518269E13720083980B /* AccomodationCollectionViewCell.swift */; };
		D075751B269E13720083980B /* AccomodationCollectionViewCell.xib in Resources */ = {isa = PBXBuildFile; fileRef = D0757519269E13720083980B /* AccomodationCollectionViewCell.xib */; };
		D075752F269F45450083980B /* Storyboarded.swift in Sources */ = {isa = PBXBuildFile; fileRef = D075752E269F45450083980B /* Storyboarded.swift */; };
		D0757531269F52070083980B /* UIView+Extension.swift in Sources */ = {isa = PBXBuildFile; fileRef = D0757530269F52070083980B /* UIView+Extension.swift */; };
		D0EC355E26A1ACCD00529357 /* AirbnbTests.swift in Sources */ = {isa = PBXBuildFile; fileRef = D0EC355D26A1ACCD00529357 /* AirbnbTests.swift */; };
		D0EC357E26A31F1500529357 /* CalendarViewController.swift in Sources */ = {isa = PBXBuildFile; fileRef = D0EC357D26A31F1500529357 /* CalendarViewController.swift */; };
		D0EC358426A3206100529357 /* CalendarDateCollectionViewCell.swift in Sources */ = {isa = PBXBuildFile; fileRef = D0EC358326A3206100529357 /* CalendarDateCollectionViewCell.swift */; };
/* End PBXBuildFile section */

/* Begin PBXContainerItemProxy section */
		D0EC356026A1ACCD00529357 /* PBXContainerItemProxy */ = {
			isa = PBXContainerItemProxy;
			containerPortal = D07574E1269DA3E60083980B /* Project object */;
			proxyType = 1;
			remoteGlobalIDString = D07574E8269DA3E60083980B;
			remoteInfo = Airbnb;
		};
/* End PBXContainerItemProxy section */

/* Begin PBXFileReference section */
		D03DDBDC26AC33EE0096F756 /* CalendarViewModel.swift */ = {isa = PBXFileReference; lastKnownFileType = sourcecode.swift; path = CalendarViewModel.swift; sourceTree = "<group>"; };
		D03DDBDF26ADB83E0096F756 /* SearchViewController.swift */ = {isa = PBXFileReference; lastKnownFileType = sourcecode.swift; path = SearchViewController.swift; sourceTree = "<group>"; };
		D03DDBE126ADBF0D0096F756 /* SearchResultsTableViewController.swift */ = {isa = PBXFileReference; lastKnownFileType = sourcecode.swift; path = SearchResultsTableViewController.swift; sourceTree = "<group>"; };
		D03DDBE326ADD3F20096F756 /* ReserveViewController.swift */ = {isa = PBXFileReference; lastKnownFileType = sourcecode.swift; path = ReserveViewController.swift; sourceTree = "<group>"; };
		D03DDBE526ADD7F00096F756 /* ReservationView.xib */ = {isa = PBXFileReference; lastKnownFileType = file.xib; path = ReservationView.xib; sourceTree = "<group>"; };
		D03DDBE726ADD8070096F756 /* ReservationView.swift */ = {isa = PBXFileReference; lastKnownFileType = sourcecode.swift; path = ReservationView.swift; sourceTree = "<group>"; };
		D03DDBF226AEA7650096F756 /* Accomodation.swift */ = {isa = PBXFileReference; lastKnownFileType = sourcecode.swift; path = Accomodation.swift; sourceTree = "<group>"; };
		D03DDBF426AEA8690096F756 /* bnb.json */ = {isa = PBXFileReference; lastKnownFileType = text.json; path = bnb.json; sourceTree = "<group>"; };
		D03DDC0B26AFA9D40096F756 /* RepositoryService.swift */ = {isa = PBXFileReference; lastKnownFileType = sourcecode.swift; path = RepositoryService.swift; sourceTree = "<group>"; };
		D03DDC0F26AFD28B0096F756 /* Box.swift */ = {isa = PBXFileReference; lastKnownFileType = sourcecode.swift; path = Box.swift; sourceTree = "<group>"; };
		D03DDC1326AFDC7B0096F756 /* NetworkManager.swift */ = {isa = PBXFileReference; lastKnownFileType = sourcecode.swift; path = NetworkManager.swift; sourceTree = "<group>"; };
		D042C00F26C8235B004868ED /* MainCollectionViewHeader.swift */ = {isa = PBXFileReference; lastKnownFileType = sourcecode.swift; path = MainCollectionViewHeader.swift; sourceTree = "<group>"; };
		D042C01126C82DC7004868ED /* NearbyDestinationCell.swift */ = {isa = PBXFileReference; lastKnownFileType = sourcecode.swift; path = NearbyDestinationCell.swift; sourceTree = "<group>"; };
		D042C01226C82DC7004868ED /* NearbyDestinationCell.xib */ = {isa = PBXFileReference; lastKnownFileType = file.xib; path = NearbyDestinationCell.xib; sourceTree = "<group>"; };
		D042C01526C9137A004868ED /* MainViewModel.swift */ = {isa = PBXFileReference; lastKnownFileType = sourcecode.swift; path = MainViewModel.swift; sourceTree = "<group>"; };
		D042C01726C95339004868ED /* City.swift */ = {isa = PBXFileReference; lastKnownFileType = sourcecode.swift; path = City.swift; sourceTree = "<group>"; };
		D05070F626AA63C900B8F054 /* CalendarHeaderView.swift */ = {isa = PBXFileReference; lastKnownFileType = sourcecode.swift; path = CalendarHeaderView.swift; sourceTree = "<group>"; };
		D05070FA26AA6E3400B8F054 /* BottomNavigationBar.swift */ = {isa = PBXFileReference; lastKnownFileType = sourcecode.swift; path = BottomNavigationBar.swift; sourceTree = "<group>"; };
		D07574E9269DA3E60083980B /* Airbnb.app */ = {isa = PBXFileReference; explicitFileType = wrapper.application; includeInIndex = 0; path = Airbnb.app; sourceTree = BUILT_PRODUCTS_DIR; };
		D07574EC269DA3E60083980B /* AppDelegate.swift */ = {isa = PBXFileReference; lastKnownFileType = sourcecode.swift; path = AppDelegate.swift; sourceTree = "<group>"; };
		D07574EE269DA3E60083980B /* SceneDelegate.swift */ = {isa = PBXFileReference; lastKnownFileType = sourcecode.swift; path = SceneDelegate.swift; sourceTree = "<group>"; };
		D07574F0269DA3E60083980B /* MainViewController.swift */ = {isa = PBXFileReference; lastKnownFileType = sourcecode.swift; path = MainViewController.swift; sourceTree = "<group>"; };
		D07574F3269DA3E60083980B /* Base */ = {isa = PBXFileReference; lastKnownFileType = file.storyboard; name = Base; path = Base.lproj/Main.storyboard; sourceTree = "<group>"; };
		D07574F5269DA3E70083980B /* Assets.xcassets */ = {isa = PBXFileReference; lastKnownFileType = folder.assetcatalog; path = Assets.xcassets; sourceTree = "<group>"; };
		D07574F8269DA3E70083980B /* Base */ = {isa = PBXFileReference; lastKnownFileType = file.storyboard; name = Base; path = Base.lproj/LaunchScreen.storyboard; sourceTree = "<group>"; };
		D07574FA269DA3E70083980B /* Info.plist */ = {isa = PBXFileReference; lastKnownFileType = text.plist.xml; path = Info.plist; sourceTree = "<group>"; };
		D0757504269DC1F20083980B /* MainCollectionViewFlowLayout.swift */ = {isa = PBXFileReference; lastKnownFileType = sourcecode.swift; path = MainCollectionViewFlowLayout.swift; sourceTree = "<group>"; };
		D075750A269DD8B90083980B /* TravelStyleCell.swift */ = {isa = PBXFileReference; lastKnownFileType = sourcecode.swift; path = TravelStyleCell.swift; sourceTree = "<group>"; };
		D0757514269E0E590083980B /* AccomodationListViewController.swift */ = {isa = PBXFileReference; lastKnownFileType = sourcecode.swift; path = AccomodationListViewController.swift; sourceTree = "<group>"; };
		D0757516269E12850083980B /* MainCoordinator.swift */ = {isa = PBXFileReference; lastKnownFileType = sourcecode.swift; path = MainCoordinator.swift; sourceTree = "<group>"; };
		D0757518269E13720083980B /* AccomodationCollectionViewCell.swift */ = {isa = PBXFileReference; lastKnownFileType = sourcecode.swift; path = AccomodationCollectionViewCell.swift; sourceTree = "<group>"; };
		D0757519269E13720083980B /* AccomodationCollectionViewCell.xib */ = {isa = PBXFileReference; lastKnownFileType = file.xib; path = AccomodationCollectionViewCell.xib; sourceTree = "<group>"; };
		D075752E269F45450083980B /* Storyboarded.swift */ = {isa = PBXFileReference; lastKnownFileType = sourcecode.swift; path = Storyboarded.swift; sourceTree = "<group>"; };
		D0757530269F52070083980B /* UIView+Extension.swift */ = {isa = PBXFileReference; lastKnownFileType = sourcecode.swift; path = "UIView+Extension.swift"; sourceTree = "<group>"; };
		D0EC355B26A1ACCD00529357 /* AirbnbTests.xctest */ = {isa = PBXFileReference; explicitFileType = wrapper.cfbundle; includeInIndex = 0; path = AirbnbTests.xctest; sourceTree = BUILT_PRODUCTS_DIR; };
		D0EC355D26A1ACCD00529357 /* AirbnbTests.swift */ = {isa = PBXFileReference; lastKnownFileType = sourcecode.swift; path = AirbnbTests.swift; sourceTree = "<group>"; };
		D0EC355F26A1ACCD00529357 /* Info.plist */ = {isa = PBXFileReference; lastKnownFileType = text.plist.xml; path = Info.plist; sourceTree = "<group>"; };
		D0EC357D26A31F1500529357 /* CalendarViewController.swift */ = {isa = PBXFileReference; lastKnownFileType = sourcecode.swift; path = CalendarViewController.swift; sourceTree = "<group>"; };
		D0EC358326A3206100529357 /* CalendarDateCollectionViewCell.swift */ = {isa = PBXFileReference; lastKnownFileType = sourcecode.swift; path = CalendarDateCollectionViewCell.swift; sourceTree = "<group>"; };
/* End PBXFileReference section */

/* Begin PBXFrameworksBuildPhase section */
		D07574E6269DA3E60083980B /* Frameworks */ = {
			isa = PBXFrameworksBuildPhase;
			buildActionMask = 2147483647;
			files = (
			);
			runOnlyForDeploymentPostprocessing = 0;
		};
		D0EC355826A1ACCD00529357 /* Frameworks */ = {
			isa = PBXFrameworksBuildPhase;
			buildActionMask = 2147483647;
			files = (
			);
			runOnlyForDeploymentPostprocessing = 0;
		};
/* End PBXFrameworksBuildPhase section */

/* Begin PBXGroup section */
		D03DDBF126AEA7300096F756 /* Views */ = {
			isa = PBXGroup;
			children = (
				D075750A269DD8B90083980B /* TravelStyleCell.swift */,
				D0757518269E13720083980B /* AccomodationCollectionViewCell.swift */,
				D0757519269E13720083980B /* AccomodationCollectionViewCell.xib */,
				D05070FA26AA6E3400B8F054 /* BottomNavigationBar.swift */,
				D0EC358326A3206100529357 /* CalendarDateCollectionViewCell.swift */,
				D05070F626AA63C900B8F054 /* CalendarHeaderView.swift */,
				D03DDBDC26AC33EE0096F756 /* CalendarViewModel.swift */,
				D03DDBE526ADD7F00096F756 /* ReservationView.xib */,
				D03DDBE726ADD8070096F756 /* ReservationView.swift */,
			);
			path = Views;
			sourceTree = "<group>";
		};
		D03DDC0926AFA9670096F756 /* Models */ = {
			isa = PBXGroup;
			children = (
				D03DDC0F26AFD28B0096F756 /* Box.swift */,
				D03DDBF226AEA7650096F756 /* Accomodation.swift */,
				D03DDC0B26AFA9D40096F756 /* RepositoryService.swift */,
				D03DDC1326AFDC7B0096F756 /* NetworkManager.swift */,
				D042C01726C95339004868ED /* City.swift */,
			);
			path = Models;
			sourceTree = "<group>";
		};
		D03DDC0A26AFA9740096F756 /* View Models */ = {
			isa = PBXGroup;
			children = (
				D042C01526C9137A004868ED /* MainViewModel.swift */,
			);
			path = "View Models";
			sourceTree = "<group>";
		};
		D03DDC0D26AFB87D0096F756 /* View Controllers */ = {
			isa = PBXGroup;
			children = (
				D07574F0269DA3E60083980B /* MainViewController.swift */,
				D03DDBDF26ADB83E0096F756 /* SearchViewController.swift */,
				D03DDBE126ADBF0D0096F756 /* SearchResultsTableViewController.swift */,
				D0EC357D26A31F1500529357 /* CalendarViewController.swift */,
				D0757514269E0E590083980B /* AccomodationListViewController.swift */,
				D03DDBE326ADD3F20096F756 /* ReserveViewController.swift */,
			);
			path = "View Controllers";
			sourceTree = "<group>";
		};
		D07574E0269DA3E60083980B = {
			isa = PBXGroup;
			children = (
				D07574EB269DA3E60083980B /* Airbnb */,
				D0EC355C26A1ACCD00529357 /* AirbnbTests */,
				D07574EA269DA3E60083980B /* Products */,
			);
			sourceTree = "<group>";
		};
		D07574EA269DA3E60083980B /* Products */ = {
			isa = PBXGroup;
			children = (
				D07574E9269DA3E60083980B /* Airbnb.app */,
				D0EC355B26A1ACCD00529357 /* AirbnbTests.xctest */,
			);
			name = Products;
			sourceTree = "<group>";
		};
		D07574EB269DA3E60083980B /* Airbnb */ = {
			isa = PBXGroup;
			children = (
				D07574F2269DA3E60083980B /* Main.storyboard */,
				D03DDC0D26AFB87D0096F756 /* View Controllers */,
				D0757532269F54BE0083980B /* Supporting Files */,
				D03DDC0A26AFA9740096F756 /* View Models */,
				D03DDBF126AEA7300096F756 /* Views */,
				D03DDC0926AFA9670096F756 /* Models */,
				D0757511269DDE650083980B /* Delegates */,
				D07574FA269DA3E70083980B /* Info.plist */,
				D042C00F26C8235B004868ED /* MainCollectionViewHeader.swift */,
				D042C01126C82DC7004868ED /* NearbyDestinationCell.swift */,
				D042C01226C82DC7004868ED /* NearbyDestinationCell.xib */,
			);
			path = Airbnb;
			sourceTree = "<group>";
		};
		D0757511269DDE650083980B /* Delegates */ = {
			isa = PBXGroup;
			children = (
				D0757504269DC1F20083980B /* MainCollectionViewFlowLayout.swift */,
			);
			path = Delegates;
			sourceTree = "<group>";
		};
		D0757532269F54BE0083980B /* Supporting Files */ = {
			isa = PBXGroup;
			children = (
				D03DDBF426AEA8690096F756 /* bnb.json */,
				D07574EC269DA3E60083980B /* AppDelegate.swift */,
				D07574EE269DA3E60083980B /* SceneDelegate.swift */,
				D07574F5269DA3E70083980B /* Assets.xcassets */,
				D07574F7269DA3E70083980B /* LaunchScreen.storyboard */,
				D075752E269F45450083980B /* Storyboarded.swift */,
				D0757530269F52070083980B /* UIView+Extension.swift */,
				D0757516269E12850083980B /* MainCoordinator.swift */,
			);
			path = "Supporting Files";
			sourceTree = "<group>";
		};
		D0EC355C26A1ACCD00529357 /* AirbnbTests */ = {
			isa = PBXGroup;
			children = (
				D0EC355D26A1ACCD00529357 /* AirbnbTests.swift */,
				D0EC355F26A1ACCD00529357 /* Info.plist */,
			);
			path = AirbnbTests;
			sourceTree = "<group>";
		};
/* End PBXGroup section */

/* Begin PBXNativeTarget section */
		D07574E8269DA3E60083980B /* Airbnb */ = {
			isa = PBXNativeTarget;
			buildConfigurationList = D07574FD269DA3E70083980B /* Build configuration list for PBXNativeTarget "Airbnb" */;
			buildPhases = (
				D07574E5269DA3E60083980B /* Sources */,
				D07574E6269DA3E60083980B /* Frameworks */,
				D07574E7269DA3E60083980B /* Resources */,
			);
			buildRules = (
			);
			dependencies = (
			);
			name = Airbnb;
			productName = Airbnb;
			productReference = D07574E9269DA3E60083980B /* Airbnb.app */;
			productType = "com.apple.product-type.application";
		};
		D0EC355A26A1ACCD00529357 /* AirbnbTests */ = {
			isa = PBXNativeTarget;
			buildConfigurationList = D0EC356226A1ACCD00529357 /* Build configuration list for PBXNativeTarget "AirbnbTests" */;
			buildPhases = (
				D0EC355726A1ACCD00529357 /* Sources */,
				D0EC355826A1ACCD00529357 /* Frameworks */,
				D0EC355926A1ACCD00529357 /* Resources */,
			);
			buildRules = (
			);
			dependencies = (
				D0EC356126A1ACCD00529357 /* PBXTargetDependency */,
			);
			name = AirbnbTests;
			productName = AirbnbTests;
			productReference = D0EC355B26A1ACCD00529357 /* AirbnbTests.xctest */;
			productType = "com.apple.product-type.bundle.unit-test";
		};
/* End PBXNativeTarget section */

/* Begin PBXProject section */
		D07574E1269DA3E60083980B /* Project object */ = {
			isa = PBXProject;
			attributes = {
				LastSwiftUpdateCheck = 1250;
				LastUpgradeCheck = 1250;
				TargetAttributes = {
					D07574E8269DA3E60083980B = {
						CreatedOnToolsVersion = 12.5;
					};
					D0EC355A26A1ACCD00529357 = {
						CreatedOnToolsVersion = 12.5;
						TestTargetID = D07574E8269DA3E60083980B;
					};
				};
			};
			buildConfigurationList = D07574E4269DA3E60083980B /* Build configuration list for PBXProject "Airbnb" */;
			compatibilityVersion = "Xcode 9.3";
			developmentRegion = en;
			hasScannedForEncodings = 0;
			knownRegions = (
				en,
				Base,
			);
			mainGroup = D07574E0269DA3E60083980B;
			productRefGroup = D07574EA269DA3E60083980B /* Products */;
			projectDirPath = "";
			projectRoot = "";
			targets = (
				D07574E8269DA3E60083980B /* Airbnb */,
				D0EC355A26A1ACCD00529357 /* AirbnbTests */,
			);
		};
/* End PBXProject section */

/* Begin PBXResourcesBuildPhase section */
		D07574E7269DA3E60083980B /* Resources */ = {
			isa = PBXResourcesBuildPhase;
			buildActionMask = 2147483647;
			files = (
				D07574F9269DA3E70083980B /* LaunchScreen.storyboard in Resources */,
				D042C01426C82DC7004868ED /* NearbyDestinationCell.xib in Resources */,
				D03DDBF526AEA8690096F756 /* bnb.json in Resources */,
				D03DDBE626ADD7F00096F756 /* ReservationView.xib in Resources */,
				D075751B269E13720083980B /* AccomodationCollectionViewCell.xib in Resources */,
				D07574F6269DA3E70083980B /* Assets.xcassets in Resources */,
				D07574F4269DA3E60083980B /* Main.storyboard in Resources */,
			);
			runOnlyForDeploymentPostprocessing = 0;
		};
		D0EC355926A1ACCD00529357 /* Resources */ = {
			isa = PBXResourcesBuildPhase;
			buildActionMask = 2147483647;
			files = (
			);
			runOnlyForDeploymentPostprocessing = 0;
		};
/* End PBXResourcesBuildPhase section */

/* Begin PBXSourcesBuildPhase section */
		D07574E5269DA3E60083980B /* Sources */ = {
			isa = PBXSourcesBuildPhase;
			buildActionMask = 2147483647;
			files = (
				D042C01326C82DC7004868ED /* NearbyDestinationCell.swift in Sources */,
				D0757517269E12850083980B /* MainCoordinator.swift in Sources */,
				D042C01826C95339004868ED /* City.swift in Sources */,
				D03DDBE226ADBF0D0096F756 /* SearchResultsTableViewController.swift in Sources */,
				D05070FB26AA6E3400B8F054 /* BottomNavigationBar.swift in Sources */,
				D03DDBE426ADD3F20096F756 /* ReserveViewController.swift in Sources */,
				D03DDBE826ADD8070096F756 /* ReservationView.swift in Sources */,
				D03DDBE026ADB83E0096F756 /* SearchViewController.swift in Sources */,
				D05070F726AA63C900B8F054 /* CalendarHeaderView.swift in Sources */,
				D042C01626C9137A004868ED /* MainViewModel.swift in Sources */,
				D07574F1269DA3E60083980B /* MainViewController.swift in Sources */,
				D0757505269DC1F20083980B /* MainCollectionViewFlowLayout.swift in Sources */,
				D03DDBDD26AC33EE0096F756 /* CalendarViewModel.swift in Sources */,
				D03DDC1426AFDC7B0096F756 /* NetworkManager.swift in Sources */,
				D03DDBF326AEA7660096F756 /* Accomodation.swift in Sources */,
				D0EC357E26A31F1500529357 /* CalendarViewController.swift in Sources */,
				D03DDC1026AFD28B0096F756 /* Box.swift in Sources */,
				D07574ED269DA3E60083980B /* AppDelegate.swift in Sources */,
				D07574EF269DA3E60083980B /* SceneDelegate.swift in Sources */,
				D075750B269DD8B90083980B /* TravelStyleCell.swift in Sources */,
				D075751A269E13720083980B /* AccomodationCollectionViewCell.swift in Sources */,
				D0757515269E0E590083980B /* AccomodationListViewController.swift in Sources */,
				D042C01026C8235B004868ED /* MainCollectionViewHeader.swift in Sources */,
				D075752F269F45450083980B /* Storyboarded.swift in Sources */,
				D0757531269F52070083980B /* UIView+Extension.swift in Sources */,
				D03DDC0C26AFA9D40096F756 /* RepositoryService.swift in Sources */,
				D0EC358426A3206100529357 /* CalendarDateCollectionViewCell.swift in Sources */,
			);
			runOnlyForDeploymentPostprocessing = 0;
		};
		D0EC355726A1ACCD00529357 /* Sources */ = {
			isa = PBXSourcesBuildPhase;
			buildActionMask = 2147483647;
			files = (
				D0EC355E26A1ACCD00529357 /* AirbnbTests.swift in Sources */,
			);
			runOnlyForDeploymentPostprocessing = 0;
		};
/* End PBXSourcesBuildPhase section */

/* Begin PBXTargetDependency section */
		D0EC356126A1ACCD00529357 /* PBXTargetDependency */ = {
			isa = PBXTargetDependency;
			target = D07574E8269DA3E60083980B /* Airbnb */;
			targetProxy = D0EC356026A1ACCD00529357 /* PBXContainerItemProxy */;
		};
/* End PBXTargetDependency section */

/* Begin PBXVariantGroup section */
		D07574F2269DA3E60083980B /* Main.storyboard */ = {
			isa = PBXVariantGroup;
			children = (
				D07574F3269DA3E60083980B /* Base */,
			);
			name = Main.storyboard;
			sourceTree = "<group>";
		};
		D07574F7269DA3E70083980B /* LaunchScreen.storyboard */ = {
			isa = PBXVariantGroup;
			children = (
				D07574F8269DA3E70083980B /* Base */,
			);
			name = LaunchScreen.storyboard;
			sourceTree = "<group>";
		};
/* End PBXVariantGroup section */

/* Begin XCBuildConfiguration section */
		D07574FB269DA3E70083980B /* Debug */ = {
			isa = XCBuildConfiguration;
			buildSettings = {
				ALWAYS_SEARCH_USER_PATHS = NO;
				CLANG_ANALYZER_NONNULL = YES;
				CLANG_ANALYZER_NUMBER_OBJECT_CONVERSION = YES_AGGRESSIVE;
				CLANG_CXX_LANGUAGE_STANDARD = "gnu++14";
				CLANG_CXX_LIBRARY = "libc++";
				CLANG_ENABLE_MODULES = YES;
				CLANG_ENABLE_OBJC_ARC = YES;
				CLANG_ENABLE_OBJC_WEAK = YES;
				CLANG_WARN_BLOCK_CAPTURE_AUTORELEASING = YES;
				CLANG_WARN_BOOL_CONVERSION = YES;
				CLANG_WARN_COMMA = YES;
				CLANG_WARN_CONSTANT_CONVERSION = YES;
				CLANG_WARN_DEPRECATED_OBJC_IMPLEMENTATIONS = YES;
				CLANG_WARN_DIRECT_OBJC_ISA_USAGE = YES_ERROR;
				CLANG_WARN_DOCUMENTATION_COMMENTS = YES;
				CLANG_WARN_EMPTY_BODY = YES;
				CLANG_WARN_ENUM_CONVERSION = YES;
				CLANG_WARN_INFINITE_RECURSION = YES;
				CLANG_WARN_INT_CONVERSION = YES;
				CLANG_WARN_NON_LITERAL_NULL_CONVERSION = YES;
				CLANG_WARN_OBJC_IMPLICIT_RETAIN_SELF = YES;
				CLANG_WARN_OBJC_LITERAL_CONVERSION = YES;
				CLANG_WARN_OBJC_ROOT_CLASS = YES_ERROR;
				CLANG_WARN_QUOTED_INCLUDE_IN_FRAMEWORK_HEADER = YES;
				CLANG_WARN_RANGE_LOOP_ANALYSIS = YES;
				CLANG_WARN_STRICT_PROTOTYPES = YES;
				CLANG_WARN_SUSPICIOUS_MOVE = YES;
				CLANG_WARN_UNGUARDED_AVAILABILITY = YES_AGGRESSIVE;
				CLANG_WARN_UNREACHABLE_CODE = YES;
				CLANG_WARN__DUPLICATE_METHOD_MATCH = YES;
				COPY_PHASE_STRIP = NO;
				DEBUG_INFORMATION_FORMAT = dwarf;
				ENABLE_STRICT_OBJC_MSGSEND = YES;
				ENABLE_TESTABILITY = YES;
				GCC_C_LANGUAGE_STANDARD = gnu11;
				GCC_DYNAMIC_NO_PIC = NO;
				GCC_NO_COMMON_BLOCKS = YES;
				GCC_OPTIMIZATION_LEVEL = 0;
				GCC_PREPROCESSOR_DEFINITIONS = (
					"DEBUG=1",
					"$(inherited)",
				);
				GCC_WARN_64_TO_32_BIT_CONVERSION = YES;
				GCC_WARN_ABOUT_RETURN_TYPE = YES_ERROR;
				GCC_WARN_UNDECLARED_SELECTOR = YES;
				GCC_WARN_UNINITIALIZED_AUTOS = YES_AGGRESSIVE;
				GCC_WARN_UNUSED_FUNCTION = YES;
				GCC_WARN_UNUSED_VARIABLE = YES;
				IPHONEOS_DEPLOYMENT_TARGET = 14.5;
				MTL_ENABLE_DEBUG_INFO = INCLUDE_SOURCE;
				MTL_FAST_MATH = YES;
				ONLY_ACTIVE_ARCH = YES;
				SDKROOT = iphoneos;
				SWIFT_ACTIVE_COMPILATION_CONDITIONS = DEBUG;
				SWIFT_OPTIMIZATION_LEVEL = "-Onone";
			};
			name = Debug;
		};
		D07574FC269DA3E70083980B /* Release */ = {
			isa = XCBuildConfiguration;
			buildSettings = {
				ALWAYS_SEARCH_USER_PATHS = NO;
				CLANG_ANALYZER_NONNULL = YES;
				CLANG_ANALYZER_NUMBER_OBJECT_CONVERSION = YES_AGGRESSIVE;
				CLANG_CXX_LANGUAGE_STANDARD = "gnu++14";
				CLANG_CXX_LIBRARY = "libc++";
				CLANG_ENABLE_MODULES = YES;
				CLANG_ENABLE_OBJC_ARC = YES;
				CLANG_ENABLE_OBJC_WEAK = YES;
				CLANG_WARN_BLOCK_CAPTURE_AUTORELEASING = YES;
				CLANG_WARN_BOOL_CONVERSION = YES;
				CLANG_WARN_COMMA = YES;
				CLANG_WARN_CONSTANT_CONVERSION = YES;
				CLANG_WARN_DEPRECATED_OBJC_IMPLEMENTATIONS = YES;
				CLANG_WARN_DIRECT_OBJC_ISA_USAGE = YES_ERROR;
				CLANG_WARN_DOCUMENTATION_COMMENTS = YES;
				CLANG_WARN_EMPTY_BODY = YES;
				CLANG_WARN_ENUM_CONVERSION = YES;
				CLANG_WARN_INFINITE_RECURSION = YES;
				CLANG_WARN_INT_CONVERSION = YES;
				CLANG_WARN_NON_LITERAL_NULL_CONVERSION = YES;
				CLANG_WARN_OBJC_IMPLICIT_RETAIN_SELF = YES;
				CLANG_WARN_OBJC_LITERAL_CONVERSION = YES;
				CLANG_WARN_OBJC_ROOT_CLASS = YES_ERROR;
				CLANG_WARN_QUOTED_INCLUDE_IN_FRAMEWORK_HEADER = YES;
				CLANG_WARN_RANGE_LOOP_ANALYSIS = YES;
				CLANG_WARN_STRICT_PROTOTYPES = YES;
				CLANG_WARN_SUSPICIOUS_MOVE = YES;
				CLANG_WARN_UNGUARDED_AVAILABILITY = YES_AGGRESSIVE;
				CLANG_WARN_UNREACHABLE_CODE = YES;
				CLANG_WARN__DUPLICATE_METHOD_MATCH = YES;
				COPY_PHASE_STRIP = NO;
				DEBUG_INFORMATION_FORMAT = "dwarf-with-dsym";
				ENABLE_NS_ASSERTIONS = NO;
				ENABLE_STRICT_OBJC_MSGSEND = YES;
				GCC_C_LANGUAGE_STANDARD = gnu11;
				GCC_NO_COMMON_BLOCKS = YES;
				GCC_WARN_64_TO_32_BIT_CONVERSION = YES;
				GCC_WARN_ABOUT_RETURN_TYPE = YES_ERROR;
				GCC_WARN_UNDECLARED_SELECTOR = YES;
				GCC_WARN_UNINITIALIZED_AUTOS = YES_AGGRESSIVE;
				GCC_WARN_UNUSED_FUNCTION = YES;
				GCC_WARN_UNUSED_VARIABLE = YES;
				IPHONEOS_DEPLOYMENT_TARGET = 14.5;
				MTL_ENABLE_DEBUG_INFO = NO;
				MTL_FAST_MATH = YES;
				SDKROOT = iphoneos;
				SWIFT_COMPILATION_MODE = wholemodule;
				SWIFT_OPTIMIZATION_LEVEL = "-O";
				VALIDATE_PRODUCT = YES;
			};
			name = Release;
		};
		D07574FE269DA3E70083980B /* Debug */ = {
			isa = XCBuildConfiguration;
			buildSettings = {
				ASSETCATALOG_COMPILER_APPICON_NAME = AppIcon;
				ASSETCATALOG_COMPILER_GLOBAL_ACCENT_COLOR_NAME = AccentColor;
				CODE_SIGN_STYLE = Automatic;
				DEVELOPMENT_TEAM = R7GCRW94KH;
				INFOPLIST_FILE = Airbnb/Info.plist;
				LD_RUNPATH_SEARCH_PATHS = (
					"$(inherited)",
					"@executable_path/Frameworks",
				);
				PRODUCT_BUNDLE_IDENTIFIER = com.lenaios.Airbnb;
				PRODUCT_NAME = "$(TARGET_NAME)";
				SWIFT_VERSION = 5.0;
				TARGETED_DEVICE_FAMILY = "1,2";
			};
			name = Debug;
		};
		D07574FF269DA3E70083980B /* Release */ = {
			isa = XCBuildConfiguration;
			buildSettings = {
				ASSETCATALOG_COMPILER_APPICON_NAME = AppIcon;
				ASSETCATALOG_COMPILER_GLOBAL_ACCENT_COLOR_NAME = AccentColor;
				CODE_SIGN_STYLE = Automatic;
				DEVELOPMENT_TEAM = R7GCRW94KH;
				INFOPLIST_FILE = Airbnb/Info.plist;
				LD_RUNPATH_SEARCH_PATHS = (
					"$(inherited)",
					"@executable_path/Frameworks",
				);
				PRODUCT_BUNDLE_IDENTIFIER = com.lenaios.Airbnb;
				PRODUCT_NAME = "$(TARGET_NAME)";
				SWIFT_VERSION = 5.0;
				TARGETED_DEVICE_FAMILY = "1,2";
			};
			name = Release;
		};
		D0EC356326A1ACCD00529357 /* Debug */ = {
			isa = XCBuildConfiguration;
			buildSettings = {
				BUNDLE_LOADER = "$(TEST_HOST)";
				CODE_SIGN_STYLE = Automatic;
				INFOPLIST_FILE = AirbnbTests/Info.plist;
				LD_RUNPATH_SEARCH_PATHS = (
					"$(inherited)",
					"@executable_path/Frameworks",
					"@loader_path/Frameworks",
				);
				PRODUCT_BUNDLE_IDENTIFIER = com.lenaios.AirbnbTests;
				PRODUCT_NAME = "$(TARGET_NAME)";
				SWIFT_VERSION = 5.0;
				TARGETED_DEVICE_FAMILY = "1,2";
				TEST_HOST = "$(BUILT_PRODUCTS_DIR)/Airbnb.app/Airbnb";
			};
			name = Debug;
		};
		D0EC356426A1ACCD00529357 /* Release */ = {
			isa = XCBuildConfiguration;
			buildSettings = {
				BUNDLE_LOADER = "$(TEST_HOST)";
				CODE_SIGN_STYLE = Automatic;
				INFOPLIST_FILE = AirbnbTests/Info.plist;
				LD_RUNPATH_SEARCH_PATHS = (
					"$(inherited)",
					"@executable_path/Frameworks",
					"@loader_path/Frameworks",
				);
				PRODUCT_BUNDLE_IDENTIFIER = com.lenaios.AirbnbTests;
				PRODUCT_NAME = "$(TARGET_NAME)";
				SWIFT_VERSION = 5.0;
				TARGETED_DEVICE_FAMILY = "1,2";
				TEST_HOST = "$(BUILT_PRODUCTS_DIR)/Airbnb.app/Airbnb";
			};
			name = Release;
		};
/* End XCBuildConfiguration section */

/* Begin XCConfigurationList section */
		D07574E4269DA3E60083980B /* Build configuration list for PBXProject "Airbnb" */ = {
			isa = XCConfigurationList;
			buildConfigurations = (
				D07574FB269DA3E70083980B /* Debug */,
				D07574FC269DA3E70083980B /* Release */,
			);
			defaultConfigurationIsVisible = 0;
			defaultConfigurationName = Release;
		};
		D07574FD269DA3E70083980B /* Build configuration list for PBXNativeTarget "Airbnb" */ = {
			isa = XCConfigurationList;
			buildConfigurations = (
				D07574FE269DA3E70083980B /* Debug */,
				D07574FF269DA3E70083980B /* Release */,
			);
			defaultConfigurationIsVisible = 0;
			defaultConfigurationName = Release;
		};
		D0EC356226A1ACCD00529357 /* Build configuration list for PBXNativeTarget "AirbnbTests" */ = {
			isa = XCConfigurationList;
			buildConfigurations = (
				D0EC356326A1ACCD00529357 /* Debug */,
				D0EC356426A1ACCD00529357 /* Release */,
			);
			defaultConfigurationIsVisible = 0;
			defaultConfigurationName = Release;
		};
/* End XCConfigurationList section */
	};
	rootObject = D07574E1269DA3E60083980B /* Project object */;
}
